// !$*UTF8*$!
{
	archiveVersion = 1;
	classes = {
	};
	objectVersion = 55;
	objects = {

/* Begin PBXBuildFile section */
		5139A2E5274E4CA7009A9C83 /* AndreChallengeApp.swift in Sources */ = {isa = PBXBuildFile; fileRef = 5139A2E4274E4CA7009A9C83 /* AndreChallengeApp.swift */; };
		5139A2E7274E4CA7009A9C83 /* MainView.swift in Sources */ = {isa = PBXBuildFile; fileRef = 5139A2E6274E4CA7009A9C83 /* MainView.swift */; };
		5139A2E9274E4CA8009A9C83 /* Assets.xcassets in Resources */ = {isa = PBXBuildFile; fileRef = 5139A2E8274E4CA8009A9C83 /* Assets.xcassets */; };
		5139A2EC274E4CA8009A9C83 /* Preview Assets.xcassets in Resources */ = {isa = PBXBuildFile; fileRef = 5139A2EB274E4CA8009A9C83 /* Preview Assets.xcassets */; };
		5139A2F6274E4CA8009A9C83 /* AndreChallengeTests.swift in Sources */ = {isa = PBXBuildFile; fileRef = 5139A2F5274E4CA8009A9C83 /* AndreChallengeTests.swift */; };
		5139A300274E4CA8009A9C83 /* AndreChallengeUITests.swift in Sources */ = {isa = PBXBuildFile; fileRef = 5139A2FF274E4CA8009A9C83 /* AndreChallengeUITests.swift */; };
		5139A302274E4CA8009A9C83 /* AndreChallengeUITestsLaunchTests.swift in Sources */ = {isa = PBXBuildFile; fileRef = 5139A301274E4CA8009A9C83 /* AndreChallengeUITestsLaunchTests.swift */; };
		5139A310274E4CD1009A9C83 /* NetworkModel.swift in Sources */ = {isa = PBXBuildFile; fileRef = 5139A30F274E4CD1009A9C83 /* NetworkModel.swift */; };
		5139A313274E4E84009A9C83 /* Alamofire in Frameworks */ = {isa = PBXBuildFile; productRef = 5139A312274E4E84009A9C83 /* Alamofire */; };
		5139A316274E509E009A9C83 /* SwiftyJSON in Frameworks */ = {isa = PBXBuildFile; productRef = 5139A315274E509E009A9C83 /* SwiftyJSON */; };
		5139A329274E6354009A9C83 /* Extension.swift in Sources */ = {isa = PBXBuildFile; fileRef = 5139A328274E6354009A9C83 /* Extension.swift */; };
		51BEB8AF274E79D30000730E /* Launch Screen.storyboard in Resources */ = {isa = PBXBuildFile; fileRef = 51BEB8AE274E79D30000730E /* Launch Screen.storyboard */; };
		51BEB8B4274E8D180000730E /* Reddit.swift in Sources */ = {isa = PBXBuildFile; fileRef = 51BEB8B3274E8D180000730E /* Reddit.swift */; };
		51BEB8B6274E8D3D0000730E /* CustomFont.swift in Sources */ = {isa = PBXBuildFile; fileRef = 51BEB8B5274E8D3D0000730E /* CustomFont.swift */; };
		51BEB8BC274E8E3A0000730E /* SofiaProSemiBold.ttf in Resources */ = {isa = PBXBuildFile; fileRef = 51BEB8B9274E8E390000730E /* SofiaProSemiBold.ttf */; };
		51BEB8BD274E8E3A0000730E /* SofiaProLight.ttf in Resources */ = {isa = PBXBuildFile; fileRef = 51BEB8BA274E8E3A0000730E /* SofiaProLight.ttf */; };
		51BEB8BE274E8E3A0000730E /* SofiaProMedium.ttf in Resources */ = {isa = PBXBuildFile; fileRef = 51BEB8BB274E8E3A0000730E /* SofiaProMedium.ttf */; };
		51BEB8C1274EC1990000730E /* RedditView.swift in Sources */ = {isa = PBXBuildFile; fileRef = 51BEB8C0274EC1990000730E /* RedditView.swift */; };
		51BEB8C3274EC23D0000730E /* PlaceholderView.swift in Sources */ = {isa = PBXBuildFile; fileRef = 51BEB8C2274EC23D0000730E /* PlaceholderView.swift */; };
		51BEB8C6274EC3AB0000730E /* PlaceholderViewType.swift in Sources */ = {isa = PBXBuildFile; fileRef = 51BEB8C5274EC3AB0000730E /* PlaceholderViewType.swift */; };
		51BEB8C9274ECDB30000730E /* WebView.swift in Sources */ = {isa = PBXBuildFile; fileRef = 51BEB8C8274ECDB30000730E /* WebView.swift */; };
		51BEB8CE274ECDEE0000730E /* style.css in Resources */ = {isa = PBXBuildFile; fileRef = 51BEB8CB274ECDEE0000730E /* style.css */; };
		51BEB8CF274ECDEE0000730E /* style-dark.css in Resources */ = {isa = PBXBuildFile; fileRef = 51BEB8CC274ECDEE0000730E /* style-dark.css */; };
		51BEB8D0274ECDEE0000730E /* refresh.wav in Resources */ = {isa = PBXBuildFile; fileRef = 51BEB8CD274ECDEE0000730E /* refresh.wav */; };
		51BEB8D2274ECE0E0000730E /* SoundModel.swift in Sources */ = {isa = PBXBuildFile; fileRef = 51BEB8D1274ECE0E0000730E /* SoundModel.swift */; };
		51BEB8D4274ECFB30000730E /* DetailsWebView.swift in Sources */ = {isa = PBXBuildFile; fileRef = 51BEB8D3274ECFB30000730E /* DetailsWebView.swift */; };
/* End PBXBuildFile section */

/* Begin PBXContainerItemProxy section */
		5139A2F2274E4CA8009A9C83 /* PBXContainerItemProxy */ = {
			isa = PBXContainerItemProxy;
			containerPortal = 5139A2D9274E4CA7009A9C83 /* Project object */;
			proxyType = 1;
			remoteGlobalIDString = 5139A2E0274E4CA7009A9C83;
			remoteInfo = AndreChallenge;
		};
		5139A2FC274E4CA8009A9C83 /* PBXContainerItemProxy */ = {
			isa = PBXContainerItemProxy;
			containerPortal = 5139A2D9274E4CA7009A9C83 /* Project object */;
			proxyType = 1;
			remoteGlobalIDString = 5139A2E0274E4CA7009A9C83;
			remoteInfo = AndreChallenge;
		};
/* End PBXContainerItemProxy section */

/* Begin PBXFileReference section */
		5139A2E1274E4CA7009A9C83 /* AndreChallenge.app */ = {isa = PBXFileReference; explicitFileType = wrapper.application; includeInIndex = 0; path = AndreChallenge.app; sourceTree = BUILT_PRODUCTS_DIR; };
		5139A2E4274E4CA7009A9C83 /* AndreChallengeApp.swift */ = {isa = PBXFileReference; lastKnownFileType = sourcecode.swift; path = AndreChallengeApp.swift; sourceTree = "<group>"; };
		5139A2E6274E4CA7009A9C83 /* MainView.swift */ = {isa = PBXFileReference; lastKnownFileType = sourcecode.swift; path = MainView.swift; sourceTree = "<group>"; };
		5139A2E8274E4CA8009A9C83 /* Assets.xcassets */ = {isa = PBXFileReference; lastKnownFileType = folder.assetcatalog; path = Assets.xcassets; sourceTree = "<group>"; };
		5139A2EB274E4CA8009A9C83 /* Preview Assets.xcassets */ = {isa = PBXFileReference; lastKnownFileType = folder.assetcatalog; path = "Preview Assets.xcassets"; sourceTree = "<group>"; };
		5139A2F1274E4CA8009A9C83 /* AndreChallengeTests.xctest */ = {isa = PBXFileReference; explicitFileType = wrapper.cfbundle; includeInIndex = 0; path = AndreChallengeTests.xctest; sourceTree = BUILT_PRODUCTS_DIR; };
		5139A2F5274E4CA8009A9C83 /* AndreChallengeTests.swift */ = {isa = PBXFileReference; lastKnownFileType = sourcecode.swift; path = AndreChallengeTests.swift; sourceTree = "<group>"; };
		5139A2FB274E4CA8009A9C83 /* AndreChallengeUITests.xctest */ = {isa = PBXFileReference; explicitFileType = wrapper.cfbundle; includeInIndex = 0; path = AndreChallengeUITests.xctest; sourceTree = BUILT_PRODUCTS_DIR; };
		5139A2FF274E4CA8009A9C83 /* AndreChallengeUITests.swift */ = {isa = PBXFileReference; lastKnownFileType = sourcecode.swift; path = AndreChallengeUITests.swift; sourceTree = "<group>"; };
		5139A301274E4CA8009A9C83 /* AndreChallengeUITestsLaunchTests.swift */ = {isa = PBXFileReference; lastKnownFileType = sourcecode.swift; path = AndreChallengeUITestsLaunchTests.swift; sourceTree = "<group>"; };
		5139A30F274E4CD1009A9C83 /* NetworkModel.swift */ = {isa = PBXFileReference; lastKnownFileType = sourcecode.swift; path = NetworkModel.swift; sourceTree = "<group>"; };
		5139A328274E6354009A9C83 /* Extension.swift */ = {isa = PBXFileReference; lastKnownFileType = sourcecode.swift; path = Extension.swift; sourceTree = "<group>"; };
		5139A32A274E73D1009A9C83 /* Info.plist */ = {isa = PBXFileReference; lastKnownFileType = text.plist; path = Info.plist; sourceTree = "<group>"; };
		51BEB8AE274E79D30000730E /* Launch Screen.storyboard */ = {isa = PBXFileReference; lastKnownFileType = file.storyboard; path = "Launch Screen.storyboard"; sourceTree = "<group>"; };
		51BEB8B3274E8D180000730E /* Reddit.swift */ = {isa = PBXFileReference; lastKnownFileType = sourcecode.swift; path = Reddit.swift; sourceTree = "<group>"; };
		51BEB8B5274E8D3D0000730E /* CustomFont.swift */ = {isa = PBXFileReference; lastKnownFileType = sourcecode.swift; path = CustomFont.swift; sourceTree = "<group>"; };
		51BEB8B9274E8E390000730E /* SofiaProSemiBold.ttf */ = {isa = PBXFileReference; lastKnownFileType = file; path = SofiaProSemiBold.ttf; sourceTree = "<group>"; };
		51BEB8BA274E8E3A0000730E /* SofiaProLight.ttf */ = {isa = PBXFileReference; lastKnownFileType = file; path = SofiaProLight.ttf; sourceTree = "<group>"; };
		51BEB8BB274E8E3A0000730E /* SofiaProMedium.ttf */ = {isa = PBXFileReference; lastKnownFileType = file; path = SofiaProMedium.ttf; sourceTree = "<group>"; };
		51BEB8C0274EC1990000730E /* RedditView.swift */ = {isa = PBXFileReference; lastKnownFileType = sourcecode.swift; path = RedditView.swift; sourceTree = "<group>"; };
		51BEB8C2274EC23D0000730E /* PlaceholderView.swift */ = {isa = PBXFileReference; lastKnownFileType = sourcecode.swift; path = PlaceholderView.swift; sourceTree = "<group>"; };
		51BEB8C5274EC3AB0000730E /* PlaceholderViewType.swift */ = {isa = PBXFileReference; lastKnownFileType = sourcecode.swift; path = PlaceholderViewType.swift; sourceTree = "<group>"; };
		51BEB8C8274ECDB30000730E /* WebView.swift */ = {isa = PBXFileReference; lastKnownFileType = sourcecode.swift; path = WebView.swift; sourceTree = "<group>"; };
		51BEB8CB274ECDEE0000730E /* style.css */ = {isa = PBXFileReference; fileEncoding = 4; lastKnownFileType = text.css; path = style.css; sourceTree = "<group>"; };
		51BEB8CC274ECDEE0000730E /* style-dark.css */ = {isa = PBXFileReference; fileEncoding = 4; lastKnownFileType = text.css; path = "style-dark.css"; sourceTree = "<group>"; };
		51BEB8CD274ECDEE0000730E /* refresh.wav */ = {isa = PBXFileReference; lastKnownFileType = audio.wav; path = refresh.wav; sourceTree = "<group>"; };
		51BEB8D1274ECE0E0000730E /* SoundModel.swift */ = {isa = PBXFileReference; lastKnownFileType = sourcecode.swift; path = SoundModel.swift; sourceTree = "<group>"; };
		51BEB8D3274ECFB30000730E /* DetailsWebView.swift */ = {isa = PBXFileReference; lastKnownFileType = sourcecode.swift; path = DetailsWebView.swift; sourceTree = "<group>"; };
/* End PBXFileReference section */

/* Begin PBXFrameworksBuildPhase section */
		5139A2DE274E4CA7009A9C83 /* Frameworks */ = {
			isa = PBXFrameworksBuildPhase;
			buildActionMask = 2147483647;
			files = (
				5139A316274E509E009A9C83 /* SwiftyJSON in Frameworks */,
				5139A313274E4E84009A9C83 /* Alamofire in Frameworks */,
			);
			runOnlyForDeploymentPostprocessing = 0;
		};
		5139A2EE274E4CA8009A9C83 /* Frameworks */ = {
			isa = PBXFrameworksBuildPhase;
			buildActionMask = 2147483647;
			files = (
			);
			runOnlyForDeploymentPostprocessing = 0;
		};
		5139A2F8274E4CA8009A9C83 /* Frameworks */ = {
			isa = PBXFrameworksBuildPhase;
			buildActionMask = 2147483647;
			files = (
			);
			runOnlyForDeploymentPostprocessing = 0;
		};
/* End PBXFrameworksBuildPhase section */

/* Begin PBXGroup section */
		5139A2D8274E4CA7009A9C83 = {
			isa = PBXGroup;
			children = (
				5139A2E3274E4CA7009A9C83 /* AndreChallenge */,
				5139A2F4274E4CA8009A9C83 /* AndreChallengeTests */,
				5139A2FE274E4CA8009A9C83 /* AndreChallengeUITests */,
				5139A2E2274E4CA7009A9C83 /* Products */,
			);
			sourceTree = "<group>";
		};
		5139A2E2274E4CA7009A9C83 /* Products */ = {
			isa = PBXGroup;
			children = (
				5139A2E1274E4CA7009A9C83 /* AndreChallenge.app */,
				5139A2F1274E4CA8009A9C83 /* AndreChallengeTests.xctest */,
				5139A2FB274E4CA8009A9C83 /* AndreChallengeUITests.xctest */,
			);
			name = Products;
			sourceTree = "<group>";
		};
		5139A2E3274E4CA7009A9C83 /* AndreChallenge */ = {
			isa = PBXGroup;
			children = (
				5139A32A274E73D1009A9C83 /* Info.plist */,
				5139A2E8274E4CA8009A9C83 /* Assets.xcassets */,
				51BEB8AE274E79D30000730E /* Launch Screen.storyboard */,
				5139A2E4274E4CA7009A9C83 /* AndreChallengeApp.swift */,
				51BEB8CA274ECDC80000730E /* Resources */,
				51BEB8B1274E8CF90000730E /* Fonts */,
				51BEB8C4274EC3940000730E /* Enums */,
				51BEB8B2274E8D070000730E /* Structs */,
				5139A327274E6347009A9C83 /* Extension */,
				5139A30E274E4CBA009A9C83 /* Models */,
				51BEB8B0274E89150000730E /* Views */,
				5139A2EA274E4CA8009A9C83 /* Preview Content */,
			);
			path = AndreChallenge;
			sourceTree = "<group>";
		};
		5139A2EA274E4CA8009A9C83 /* Preview Content */ = {
			isa = PBXGroup;
			children = (
				5139A2EB274E4CA8009A9C83 /* Preview Assets.xcassets */,
			);
			path = "Preview Content";
			sourceTree = "<group>";
		};
		5139A2F4274E4CA8009A9C83 /* AndreChallengeTests */ = {
			isa = PBXGroup;
			children = (
				5139A2F5274E4CA8009A9C83 /* AndreChallengeTests.swift */,
			);
			path = AndreChallengeTests;
			sourceTree = "<group>";
		};
		5139A2FE274E4CA8009A9C83 /* AndreChallengeUITests */ = {
			isa = PBXGroup;
			children = (
				5139A2FF274E4CA8009A9C83 /* AndreChallengeUITests.swift */,
				5139A301274E4CA8009A9C83 /* AndreChallengeUITestsLaunchTests.swift */,
			);
			path = AndreChallengeUITests;
			sourceTree = "<group>";
		};
		5139A30E274E4CBA009A9C83 /* Models */ = {
			isa = PBXGroup;
			children = (
				5139A30F274E4CD1009A9C83 /* NetworkModel.swift */,
				51BEB8D1274ECE0E0000730E /* SoundModel.swift */,
			);
			path = Models;
			sourceTree = "<group>";
		};
		5139A327274E6347009A9C83 /* Extension */ = {
			isa = PBXGroup;
			children = (
				5139A328274E6354009A9C83 /* Extension.swift */,
			);
			path = Extension;
			sourceTree = "<group>";
		};
		51BEB8B0274E89150000730E /* Views */ = {
			isa = PBXGroup;
			children = (
				51BEB8C7274ECDA10000730E /* CustomViews */,
				51BEB8BF274EC17C0000730E /* SubViews */,
				5139A2E6274E4CA7009A9C83 /* MainView.swift */,
				51BEB8D3274ECFB30000730E /* DetailsWebView.swift */,
			);
			path = Views;
			sourceTree = "<group>";
		};
		51BEB8B1274E8CF90000730E /* Fonts */ = {
			isa = PBXGroup;
			children = (
				51BEB8BA274E8E3A0000730E /* SofiaProLight.ttf */,
				51BEB8BB274E8E3A0000730E /* SofiaProMedium.ttf */,
				51BEB8B9274E8E390000730E /* SofiaProSemiBold.ttf */,
				51BEB8B5274E8D3D0000730E /* CustomFont.swift */,
			);
			path = Fonts;
			sourceTree = "<group>";
		};
		51BEB8B2274E8D070000730E /* Structs */ = {
			isa = PBXGroup;
			children = (
				51BEB8B3274E8D180000730E /* Reddit.swift */,
			);
			path = Structs;
			sourceTree = "<group>";
		};
		51BEB8BF274EC17C0000730E /* SubViews */ = {
			isa = PBXGroup;
			children = (
				51BEB8C0274EC1990000730E /* RedditView.swift */,
				51BEB8C2274EC23D0000730E /* PlaceholderView.swift */,
			);
			path = SubViews;
			sourceTree = "<group>";
		};
		51BEB8C4274EC3940000730E /* Enums */ = {
			isa = PBXGroup;
			children = (
				51BEB8C5274EC3AB0000730E /* PlaceholderViewType.swift */,
			);
			path = Enums;
			sourceTree = "<group>";
		};
		51BEB8C7274ECDA10000730E /* CustomViews */ = {
			isa = PBXGroup;
			children = (
				51BEB8C8274ECDB30000730E /* WebView.swift */,
			);
			path = CustomViews;
			sourceTree = "<group>";
		};
		51BEB8CA274ECDC80000730E /* Resources */ = {
			isa = PBXGroup;
			children = (
				51BEB8CD274ECDEE0000730E /* refresh.wav */,
				51BEB8CC274ECDEE0000730E /* style-dark.css */,
				51BEB8CB274ECDEE0000730E /* style.css */,
			);
			path = Resources;
			sourceTree = "<group>";
		};
/* End PBXGroup section */

/* Begin PBXNativeTarget section */
		5139A2E0274E4CA7009A9C83 /* AndreChallenge */ = {
			isa = PBXNativeTarget;
			buildConfigurationList = 5139A305274E4CA8009A9C83 /* Build configuration list for PBXNativeTarget "AndreChallenge" */;
			buildPhases = (
				5139A2DD274E4CA7009A9C83 /* Sources */,
				5139A2DE274E4CA7009A9C83 /* Frameworks */,
				5139A2DF274E4CA7009A9C83 /* Resources */,
			);
			buildRules = (
			);
			dependencies = (
			);
			name = AndreChallenge;
			packageProductDependencies = (
				5139A312274E4E84009A9C83 /* Alamofire */,
				5139A315274E509E009A9C83 /* SwiftyJSON */,
			);
			productName = AndreChallenge;
			productReference = 5139A2E1274E4CA7009A9C83 /* AndreChallenge.app */;
			productType = "com.apple.product-type.application";
		};
		5139A2F0274E4CA8009A9C83 /* AndreChallengeTests */ = {
			isa = PBXNativeTarget;
			buildConfigurationList = 5139A308274E4CA8009A9C83 /* Build configuration list for PBXNativeTarget "AndreChallengeTests" */;
			buildPhases = (
				5139A2ED274E4CA8009A9C83 /* Sources */,
				5139A2EE274E4CA8009A9C83 /* Frameworks */,
				5139A2EF274E4CA8009A9C83 /* Resources */,
			);
			buildRules = (
			);
			dependencies = (
				5139A2F3274E4CA8009A9C83 /* PBXTargetDependency */,
			);
			name = AndreChallengeTests;
			productName = AndreChallengeTests;
			productReference = 5139A2F1274E4CA8009A9C83 /* AndreChallengeTests.xctest */;
			productType = "com.apple.product-type.bundle.unit-test";
		};
		5139A2FA274E4CA8009A9C83 /* AndreChallengeUITests */ = {
			isa = PBXNativeTarget;
			buildConfigurationList = 5139A30B274E4CA8009A9C83 /* Build configuration list for PBXNativeTarget "AndreChallengeUITests" */;
			buildPhases = (
				5139A2F7274E4CA8009A9C83 /* Sources */,
				5139A2F8274E4CA8009A9C83 /* Frameworks */,
				5139A2F9274E4CA8009A9C83 /* Resources */,
			);
			buildRules = (
			);
			dependencies = (
				5139A2FD274E4CA8009A9C83 /* PBXTargetDependency */,
			);
			name = AndreChallengeUITests;
			productName = AndreChallengeUITests;
			productReference = 5139A2FB274E4CA8009A9C83 /* AndreChallengeUITests.xctest */;
			productType = "com.apple.product-type.bundle.ui-testing";
		};
/* End PBXNativeTarget section */

/* Begin PBXProject section */
		5139A2D9274E4CA7009A9C83 /* Project object */ = {
			isa = PBXProject;
			attributes = {
				BuildIndependentTargetsInParallel = 1;
				LastSwiftUpdateCheck = 1310;
				LastUpgradeCheck = 1310;
				TargetAttributes = {
					5139A2E0274E4CA7009A9C83 = {
						CreatedOnToolsVersion = 13.1;
					};
					5139A2F0274E4CA8009A9C83 = {
						CreatedOnToolsVersion = 13.1;
						TestTargetID = 5139A2E0274E4CA7009A9C83;
					};
					5139A2FA274E4CA8009A9C83 = {
						CreatedOnToolsVersion = 13.1;
						TestTargetID = 5139A2E0274E4CA7009A9C83;
					};
				};
			};
			buildConfigurationList = 5139A2DC274E4CA7009A9C83 /* Build configuration list for PBXProject "AndreChallenge" */;
			compatibilityVersion = "Xcode 13.0";
			developmentRegion = en;
			hasScannedForEncodings = 0;
			knownRegions = (
				en,
				Base,
			);
			mainGroup = 5139A2D8274E4CA7009A9C83;
			packageReferences = (
				5139A311274E4E84009A9C83 /* XCRemoteSwiftPackageReference "Alamofire" */,
				5139A314274E509E009A9C83 /* XCRemoteSwiftPackageReference "SwiftyJSON" */,
			);
			productRefGroup = 5139A2E2274E4CA7009A9C83 /* Products */;
			projectDirPath = "";
			projectRoot = "";
			targets = (
				5139A2E0274E4CA7009A9C83 /* AndreChallenge */,
				5139A2F0274E4CA8009A9C83 /* AndreChallengeTests */,
				5139A2FA274E4CA8009A9C83 /* AndreChallengeUITests */,
			);
		};
/* End PBXProject section */

/* Begin PBXResourcesBuildPhase section */
		5139A2DF274E4CA7009A9C83 /* Resources */ = {
			isa = PBXResourcesBuildPhase;
			buildActionMask = 2147483647;
			files = (
				51BEB8BE274E8E3A0000730E /* SofiaProMedium.ttf in Resources */,
				51BEB8D0274ECDEE0000730E /* refresh.wav in Resources */,
				51BEB8AF274E79D30000730E /* Launch Screen.storyboard in Resources */,
				51BEB8CE274ECDEE0000730E /* style.css in Resources */,
				5139A2EC274E4CA8009A9C83 /* Preview Assets.xcassets in Resources */,
				51BEB8BD274E8E3A0000730E /* SofiaProLight.ttf in Resources */,
				51BEB8CF274ECDEE0000730E /* style-dark.css in Resources */,
				51BEB8BC274E8E3A0000730E /* SofiaProSemiBold.ttf in Resources */,
				5139A2E9274E4CA8009A9C83 /* Assets.xcassets in Resources */,
			);
			runOnlyForDeploymentPostprocessing = 0;
		};
		5139A2EF274E4CA8009A9C83 /* Resources */ = {
			isa = PBXResourcesBuildPhase;
			buildActionMask = 2147483647;
			files = (
			);
			runOnlyForDeploymentPostprocessing = 0;
		};
		5139A2F9274E4CA8009A9C83 /* Resources */ = {
			isa = PBXResourcesBuildPhase;
			buildActionMask = 2147483647;
			files = (
			);
			runOnlyForDeploymentPostprocessing = 0;
		};
/* End PBXResourcesBuildPhase section */

/* Begin PBXSourcesBuildPhase section */
		5139A2DD274E4CA7009A9C83 /* Sources */ = {
			isa = PBXSourcesBuildPhase;
			buildActionMask = 2147483647;
			files = (
				51BEB8B4274E8D180000730E /* Reddit.swift in Sources */,
				51BEB8C9274ECDB30000730E /* WebView.swift in Sources */,
				5139A310274E4CD1009A9C83 /* NetworkModel.swift in Sources */,
				51BEB8D2274ECE0E0000730E /* SoundModel.swift in Sources */,
				51BEB8C6274EC3AB0000730E /* PlaceholderViewType.swift in Sources */,
				5139A2E7274E4CA7009A9C83 /* MainView.swift in Sources */,
				51BEB8B6274E8D3D0000730E /* CustomFont.swift in Sources */,
				5139A2E5274E4CA7009A9C83 /* AndreChallengeApp.swift in Sources */,
				5139A329274E6354009A9C83 /* Extension.swift in Sources */,
				51BEB8C3274EC23D0000730E /* PlaceholderView.swift in Sources */,
				51BEB8D4274ECFB30000730E /* DetailsWebView.swift in Sources */,
				51BEB8C1274EC1990000730E /* RedditView.swift in Sources */,
			);
			runOnlyForDeploymentPostprocessing = 0;
		};
		5139A2ED274E4CA8009A9C83 /* Sources */ = {
			isa = PBXSourcesBuildPhase;
			buildActionMask = 2147483647;
			files = (
				5139A2F6274E4CA8009A9C83 /* AndreChallengeTests.swift in Sources */,
			);
			runOnlyForDeploymentPostprocessing = 0;
		};
		5139A2F7274E4CA8009A9C83 /* Sources */ = {
			isa = PBXSourcesBuildPhase;
			buildActionMask = 2147483647;
			files = (
				5139A300274E4CA8009A9C83 /* AndreChallengeUITests.swift in Sources */,
				5139A302274E4CA8009A9C83 /* AndreChallengeUITestsLaunchTests.swift in Sources */,
			);
			runOnlyForDeploymentPostprocessing = 0;
		};
/* End PBXSourcesBuildPhase section */

/* Begin PBXTargetDependency section */
		5139A2F3274E4CA8009A9C83 /* PBXTargetDependency */ = {
			isa = PBXTargetDependency;
			target = 5139A2E0274E4CA7009A9C83 /* AndreChallenge */;
			targetProxy = 5139A2F2274E4CA8009A9C83 /* PBXContainerItemProxy */;
		};
		5139A2FD274E4CA8009A9C83 /* PBXTargetDependency */ = {
			isa = PBXTargetDependency;
			target = 5139A2E0274E4CA7009A9C83 /* AndreChallenge */;
			targetProxy = 5139A2FC274E4CA8009A9C83 /* PBXContainerItemProxy */;
		};
/* End PBXTargetDependency section */

/* Begin XCBuildConfiguration section */
		5139A303274E4CA8009A9C83 /* Debug */ = {
			isa = XCBuildConfiguration;
			buildSettings = {
				ALWAYS_SEARCH_USER_PATHS = NO;
				CLANG_ANALYZER_NONNULL = YES;
				CLANG_ANALYZER_NUMBER_OBJECT_CONVERSION = YES_AGGRESSIVE;
				CLANG_CXX_LANGUAGE_STANDARD = "gnu++17";
				CLANG_CXX_LIBRARY = "libc++";
				CLANG_ENABLE_MODULES = YES;
				CLANG_ENABLE_OBJC_ARC = YES;
				CLANG_ENABLE_OBJC_WEAK = YES;
				CLANG_WARN_BLOCK_CAPTURE_AUTORELEASING = YES;
				CLANG_WARN_BOOL_CONVERSION = YES;
				CLANG_WARN_COMMA = YES;
				CLANG_WARN_CONSTANT_CONVERSION = YES;
				CLANG_WARN_DEPRECATED_OBJC_IMPLEMENTATIONS = YES;
				CLANG_WARN_DIRECT_OBJC_ISA_USAGE = YES_ERROR;
				CLANG_WARN_DOCUMENTATION_COMMENTS = YES;
				CLANG_WARN_EMPTY_BODY = YES;
				CLANG_WARN_ENUM_CONVERSION = YES;
				CLANG_WARN_INFINITE_RECURSION = YES;
				CLANG_WARN_INT_CONVERSION = YES;
				CLANG_WARN_NON_LITERAL_NULL_CONVERSION = YES;
				CLANG_WARN_OBJC_IMPLICIT_RETAIN_SELF = YES;
				CLANG_WARN_OBJC_LITERAL_CONVERSION = YES;
				CLANG_WARN_OBJC_ROOT_CLASS = YES_ERROR;
				CLANG_WARN_QUOTED_INCLUDE_IN_FRAMEWORK_HEADER = YES;
				CLANG_WARN_RANGE_LOOP_ANALYSIS = YES;
				CLANG_WARN_STRICT_PROTOTYPES = YES;
				CLANG_WARN_SUSPICIOUS_MOVE = YES;
				CLANG_WARN_UNGUARDED_AVAILABILITY = YES_AGGRESSIVE;
				CLANG_WARN_UNREACHABLE_CODE = YES;
				CLANG_WARN__DUPLICATE_METHOD_MATCH = YES;
				COPY_PHASE_STRIP = NO;
				DEBUG_INFORMATION_FORMAT = dwarf;
				ENABLE_STRICT_OBJC_MSGSEND = YES;
				ENABLE_TESTABILITY = YES;
				GCC_C_LANGUAGE_STANDARD = gnu11;
				GCC_DYNAMIC_NO_PIC = NO;
				GCC_NO_COMMON_BLOCKS = YES;
				GCC_OPTIMIZATION_LEVEL = 0;
				GCC_PREPROCESSOR_DEFINITIONS = (
					"DEBUG=1",
					"$(inherited)",
				);
				GCC_WARN_64_TO_32_BIT_CONVERSION = YES;
				GCC_WARN_ABOUT_RETURN_TYPE = YES_ERROR;
				GCC_WARN_UNDECLARED_SELECTOR = YES;
				GCC_WARN_UNINITIALIZED_AUTOS = YES_AGGRESSIVE;
				GCC_WARN_UNUSED_FUNCTION = YES;
				GCC_WARN_UNUSED_VARIABLE = YES;
				IPHONEOS_DEPLOYMENT_TARGET = 15.0;
				MTL_ENABLE_DEBUG_INFO = INCLUDE_SOURCE;
				MTL_FAST_MATH = YES;
				ONLY_ACTIVE_ARCH = YES;
				SDKROOT = iphoneos;
				SWIFT_ACTIVE_COMPILATION_CONDITIONS = DEBUG;
				SWIFT_OPTIMIZATION_LEVEL = "-Onone";
			};
			name = Debug;
		};
		5139A304274E4CA8009A9C83 /* Release */ = {
			isa = XCBuildConfiguration;
			buildSettings = {
				ALWAYS_SEARCH_USER_PATHS = NO;
				CLANG_ANALYZER_NONNULL = YES;
				CLANG_ANALYZER_NUMBER_OBJECT_CONVERSION = YES_AGGRESSIVE;
				CLANG_CXX_LANGUAGE_STANDARD = "gnu++17";
				CLANG_CXX_LIBRARY = "libc++";
				CLANG_ENABLE_MODULES = YES;
				CLANG_ENABLE_OBJC_ARC = YES;
				CLANG_ENABLE_OBJC_WEAK = YES;
				CLANG_WARN_BLOCK_CAPTURE_AUTORELEASING = YES;
				CLANG_WARN_BOOL_CONVERSION = YES;
				CLANG_WARN_COMMA = YES;
				CLANG_WARN_CONSTANT_CONVERSION = YES;
				CLANG_WARN_DEPRECATED_OBJC_IMPLEMENTATIONS = YES;
				CLANG_WARN_DIRECT_OBJC_ISA_USAGE = YES_ERROR;
				CLANG_WARN_DOCUMENTATION_COMMENTS = YES;
				CLANG_WARN_EMPTY_BODY = YES;
				CLANG_WARN_ENUM_CONVERSION = YES;
				CLANG_WARN_INFINITE_RECURSION = YES;
				CLANG_WARN_INT_CONVERSION = YES;
				CLANG_WARN_NON_LITERAL_NULL_CONVERSION = YES;
				CLANG_WARN_OBJC_IMPLICIT_RETAIN_SELF = YES;
				CLANG_WARN_OBJC_LITERAL_CONVERSION = YES;
				CLANG_WARN_OBJC_ROOT_CLASS = YES_ERROR;
				CLANG_WARN_QUOTED_INCLUDE_IN_FRAMEWORK_HEADER = YES;
				CLANG_WARN_RANGE_LOOP_ANALYSIS = YES;
				CLANG_WARN_STRICT_PROTOTYPES = YES;
				CLANG_WARN_SUSPICIOUS_MOVE = YES;
				CLANG_WARN_UNGUARDED_AVAILABILITY = YES_AGGRESSIVE;
				CLANG_WARN_UNREACHABLE_CODE = YES;
				CLANG_WARN__DUPLICATE_METHOD_MATCH = YES;
				COPY_PHASE_STRIP = NO;
				DEBUG_INFORMATION_FORMAT = "dwarf-with-dsym";
				ENABLE_NS_ASSERTIONS = NO;
				ENABLE_STRICT_OBJC_MSGSEND = YES;
				GCC_C_LANGUAGE_STANDARD = gnu11;
				GCC_NO_COMMON_BLOCKS = YES;
				GCC_WARN_64_TO_32_BIT_CONVERSION = YES;
				GCC_WARN_ABOUT_RETURN_TYPE = YES_ERROR;
				GCC_WARN_UNDECLARED_SELECTOR = YES;
				GCC_WARN_UNINITIALIZED_AUTOS = YES_AGGRESSIVE;
				GCC_WARN_UNUSED_FUNCTION = YES;
				GCC_WARN_UNUSED_VARIABLE = YES;
				IPHONEOS_DEPLOYMENT_TARGET = 15.0;
				MTL_ENABLE_DEBUG_INFO = NO;
				MTL_FAST_MATH = YES;
				SDKROOT = iphoneos;
				SWIFT_COMPILATION_MODE = wholemodule;
				SWIFT_OPTIMIZATION_LEVEL = "-O";
				VALIDATE_PRODUCT = YES;
			};
			name = Release;
		};
		5139A306274E4CA8009A9C83 /* Debug */ = {
			isa = XCBuildConfiguration;
			buildSettings = {
				ASSETCATALOG_COMPILER_APPICON_NAME = AppIcon;
				ASSETCATALOG_COMPILER_GLOBAL_ACCENT_COLOR_NAME = AccentColor;
				ASSETCATALOG_COMPILER_INCLUDE_ALL_APPICON_ASSETS = NO;
				CODE_SIGN_STYLE = Automatic;
				CURRENT_PROJECT_VERSION = 1;
				DEVELOPMENT_ASSET_PATHS = "\"AndreChallenge/Preview Content\"";
				DEVELOPMENT_TEAM = R6Z6GSRQNX;
				ENABLE_PREVIEWS = YES;
				GENERATE_INFOPLIST_FILE = YES;
				INFOPLIST_FILE = AndreChallenge/Info.plist;
				INFOPLIST_KEY_UIApplicationSceneManifest_Generation = YES;
				INFOPLIST_KEY_UIApplicationSupportsIndirectInputEvents = YES;
				INFOPLIST_KEY_UILaunchStoryboardName = "Launch Screen";
				INFOPLIST_KEY_UISupportedInterfaceOrientations_iPad = "UIInterfaceOrientationPortrait UIInterfaceOrientationPortraitUpsideDown UIInterfaceOrientationLandscapeLeft UIInterfaceOrientationLandscapeRight";
				INFOPLIST_KEY_UISupportedInterfaceOrientations_iPhone = "UIInterfaceOrientationPortrait UIInterfaceOrientationLandscapeLeft UIInterfaceOrientationLandscapeRight";
				LD_RUNPATH_SEARCH_PATHS = (
					"$(inherited)",
					"@executable_path/Frameworks",
				);
				MARKETING_VERSION = 1.0;
				PRODUCT_BUNDLE_IDENTIFIER = com.shanezzar.AndreChallenge;
				PRODUCT_NAME = "$(TARGET_NAME)";
				SWIFT_EMIT_LOC_STRINGS = YES;
				SWIFT_VERSION = 5.0;
				TARGETED_DEVICE_FAMILY = 1;
			};
			name = Debug;
		};
		5139A307274E4CA8009A9C83 /* Release */ = {
			isa = XCBuildConfiguration;
			buildSettings = {
				ASSETCATALOG_COMPILER_APPICON_NAME = AppIcon;
				ASSETCATALOG_COMPILER_GLOBAL_ACCENT_COLOR_NAME = AccentColor;
				ASSETCATALOG_COMPILER_INCLUDE_ALL_APPICON_ASSETS = NO;
				CODE_SIGN_STYLE = Automatic;
				CURRENT_PROJECT_VERSION = 1;
				DEVELOPMENT_ASSET_PATHS = "\"AndreChallenge/Preview Content\"";
				DEVELOPMENT_TEAM = R6Z6GSRQNX;
				ENABLE_PREVIEWS = YES;
				GENERATE_INFOPLIST_FILE = YES;
				INFOPLIST_FILE = AndreChallenge/Info.plist;
				INFOPLIST_KEY_UIApplicationSceneManifest_Generation = YES;
				INFOPLIST_KEY_UIApplicationSupportsIndirectInputEvents = YES;
				INFOPLIST_KEY_UILaunchStoryboardName = "Launch Screen";
				INFOPLIST_KEY_UISupportedInterfaceOrientations_iPad = "UIInterfaceOrientationPortrait UIInterfaceOrientationPortraitUpsideDown UIInterfaceOrientationLandscapeLeft UIInterfaceOrientationLandscapeRight";
				INFOPLIST_KEY_UISupportedInterfaceOrientations_iPhone = "UIInterfaceOrientationPortrait UIInterfaceOrientationLandscapeLeft UIInterfaceOrientationLandscapeRight";
				LD_RUNPATH_SEARCH_PATHS = (
					"$(inherited)",
					"@executable_path/Frameworks",
				);
				MARKETING_VERSION = 1.0;
				PRODUCT_BUNDLE_IDENTIFIER = com.shanezzar.AndreChallenge;
				PRODUCT_NAME = "$(TARGET_NAME)";
				SWIFT_EMIT_LOC_STRINGS = YES;
				SWIFT_VERSION = 5.0;
				TARGETED_DEVICE_FAMILY = 1;
			};
			name = Release;
		};
		5139A309274E4CA8009A9C83 /* Debug */ = {
			isa = XCBuildConfiguration;
			buildSettings = {
				ALWAYS_EMBED_SWIFT_STANDARD_LIBRARIES = YES;
				BUNDLE_LOADER = "$(TEST_HOST)";
				CODE_SIGN_STYLE = Automatic;
				CURRENT_PROJECT_VERSION = 1;
				DEVELOPMENT_TEAM = R6Z6GSRQNX;
				GENERATE_INFOPLIST_FILE = YES;
				IPHONEOS_DEPLOYMENT_TARGET = 15.0;
				LD_RUNPATH_SEARCH_PATHS = (
					"$(inherited)",
					"@executable_path/Frameworks",
					"@loader_path/Frameworks",
				);
				MARKETING_VERSION = 1.0;
				PRODUCT_BUNDLE_IDENTIFIER = com.shanezzar.AndreChallengeTests;
				PRODUCT_NAME = "$(TARGET_NAME)";
				SWIFT_EMIT_LOC_STRINGS = NO;
				SWIFT_VERSION = 5.0;
				TARGETED_DEVICE_FAMILY = "1,2";
				TEST_HOST = "$(BUILT_PRODUCTS_DIR)/AndreChallenge.app/AndreChallenge";
			};
			name = Debug;
		};
		5139A30A274E4CA8009A9C83 /* Release */ = {
			isa = XCBuildConfiguration;
			buildSettings = {
				ALWAYS_EMBED_SWIFT_STANDARD_LIBRARIES = YES;
				BUNDLE_LOADER = "$(TEST_HOST)";
				CODE_SIGN_STYLE = Automatic;
				CURRENT_PROJECT_VERSION = 1;
				DEVELOPMENT_TEAM = R6Z6GSRQNX;
				GENERATE_INFOPLIST_FILE = YES;
				IPHONEOS_DEPLOYMENT_TARGET = 15.0;
				LD_RUNPATH_SEARCH_PATHS = (
					"$(inherited)",
					"@executable_path/Frameworks",
					"@loader_path/Frameworks",
				);
				MARKETING_VERSION = 1.0;
				PRODUCT_BUNDLE_IDENTIFIER = com.shanezzar.AndreChallengeTests;
				PRODUCT_NAME = "$(TARGET_NAME)";
				SWIFT_EMIT_LOC_STRINGS = NO;
				SWIFT_VERSION = 5.0;
				TARGETED_DEVICE_FAMILY = "1,2";
				TEST_HOST = "$(BUILT_PRODUCTS_DIR)/AndreChallenge.app/AndreChallenge";
			};
			name = Release;
		};
		5139A30C274E4CA8009A9C83 /* Debug */ = {
			isa = XCBuildConfiguration;
			buildSettings = {
				ALWAYS_EMBED_SWIFT_STANDARD_LIBRARIES = YES;
				CODE_SIGN_STYLE = Automatic;
				CURRENT_PROJECT_VERSION = 1;
				DEVELOPMENT_TEAM = R6Z6GSRQNX;
				GENERATE_INFOPLIST_FILE = YES;
				LD_RUNPATH_SEARCH_PATHS = (
					"$(inherited)",
					"@executable_path/Frameworks",
					"@loader_path/Frameworks",
				);
				MARKETING_VERSION = 1.0;
				PRODUCT_BUNDLE_IDENTIFIER = com.shanezzar.AndreChallengeUITests;
				PRODUCT_NAME = "$(TARGET_NAME)";
				SWIFT_EMIT_LOC_STRINGS = NO;
				SWIFT_VERSION = 5.0;
				TARGETED_DEVICE_FAMILY = "1,2";
				TEST_TARGET_NAME = AndreChallenge;
			};
			name = Debug;
		};
		5139A30D274E4CA8009A9C83 /* Release */ = {
			isa = XCBuildConfiguration;
			buildSettings = {
				ALWAYS_EMBED_SWIFT_STANDARD_LIBRARIES = YES;
				CODE_SIGN_STYLE = Automatic;
				CURRENT_PROJECT_VERSION = 1;
				DEVELOPMENT_TEAM = R6Z6GSRQNX;
				GENERATE_INFOPLIST_FILE = YES;
				LD_RUNPATH_SEARCH_PATHS = (
					"$(inherited)",
					"@executable_path/Frameworks",
					"@loader_path/Frameworks",
				);
				MARKETING_VERSION = 1.0;
				PRODUCT_BUNDLE_IDENTIFIER = com.shanezzar.AndreChallengeUITests;
				PRODUCT_NAME = "$(TARGET_NAME)";
				SWIFT_EMIT_LOC_STRINGS = NO;
				SWIFT_VERSION = 5.0;
				TARGETED_DEVICE_FAMILY = "1,2";
				TEST_TARGET_NAME = AndreChallenge;
			};
			name = Release;
		};
/* End XCBuildConfiguration section */

/* Begin XCConfigurationList section */
		5139A2DC274E4CA7009A9C83 /* Build configuration list for PBXProject "AndreChallenge" */ = {
			isa = XCConfigurationList;
			buildConfigurations = (
				5139A303274E4CA8009A9C83 /* Debug */,
				5139A304274E4CA8009A9C83 /* Release */,
			);
			defaultConfigurationIsVisible = 0;
			defaultConfigurationName = Release;
		};
		5139A305274E4CA8009A9C83 /* Build configuration list for PBXNativeTarget "AndreChallenge" */ = {
			isa = XCConfigurationList;
			buildConfigurations = (
				5139A306274E4CA8009A9C83 /* Debug */,
				5139A307274E4CA8009A9C83 /* Release */,
			);
			defaultConfigurationIsVisible = 0;
			defaultConfigurationName = Release;
		};
		5139A308274E4CA8009A9C83 /* Build configuration list for PBXNativeTarget "AndreChallengeTests" */ = {
			isa = XCConfigurationList;
			buildConfigurations = (
				5139A309274E4CA8009A9C83 /* Debug */,
				5139A30A274E4CA8009A9C83 /* Release */,
			);
			defaultConfigurationIsVisible = 0;
			defaultConfigurationName = Release;
		};
		5139A30B274E4CA8009A9C83 /* Build configuration list for PBXNativeTarget "AndreChallengeUITests" */ = {
			isa = XCConfigurationList;
			buildConfigurations = (
				5139A30C274E4CA8009A9C83 /* Debug */,
				5139A30D274E4CA8009A9C83 /* Release */,
			);
			defaultConfigurationIsVisible = 0;
			defaultConfigurationName = Release;
		};
/* End XCConfigurationList section */

/* Begin XCRemoteSwiftPackageReference section */
		5139A311274E4E84009A9C83 /* XCRemoteSwiftPackageReference "Alamofire" */ = {
			isa = XCRemoteSwiftPackageReference;
			repositoryURL = "https://github.com/Alamofire/Alamofire";
			requirement = {
				kind = upToNextMajorVersion;
				minimumVersion = 5.0.0;
			};
		};
		5139A314274E509E009A9C83 /* XCRemoteSwiftPackageReference "SwiftyJSON" */ = {
			isa = XCRemoteSwiftPackageReference;
			repositoryURL = "https://github.com/SwiftyJSON/SwiftyJSON";
			requirement = {
				branch = master;
				kind = branch;
			};
		};
/* End XCRemoteSwiftPackageReference section */

/* Begin XCSwiftPackageProductDependency section */
		5139A312274E4E84009A9C83 /* Alamofire */ = {
			isa = XCSwiftPackageProductDependency;
			package = 5139A311274E4E84009A9C83 /* XCRemoteSwiftPackageReference "Alamofire" */;
			productName = Alamofire;
		};
		5139A315274E509E009A9C83 /* SwiftyJSON */ = {
			isa = XCSwiftPackageProductDependency;
			package = 5139A314274E509E009A9C83 /* XCRemoteSwiftPackageReference "SwiftyJSON" */;
			productName = SwiftyJSON;
		};
/* End XCSwiftPackageProductDependency section */
	};
	rootObject = 5139A2D9274E4CA7009A9C83 /* Project object */;
}
